
Microsoft Visual Studio Solution File, Format Version 12.00
# Visual Studio Version 16
VisualStudioVersion = 16.0.30907.101
MinimumVisualStudioVersion = 10.0.40219.1
Project("{FAE04EC0-301F-11D3-BF4B-00C04F79EFBC}") = "StudentProject", "StudentProject\StudentProject.csproj", "{41184D78-A910-49BA-860B-F44ABC41F38B}"
EndProject
Project("{FAE04EC0-301F-11D3-BF4B-00C04F79EFBC}") = "StudentLibrary", "StudentLibrary\StudentLibrary.csproj", "{A309D7F0-5F10-49FF-AA36-9DCE526A7EC1}"
EndProject
Global
	GlobalSection(SolutionConfigurationPlatforms) = preSolution
		Debug|Any CPU = Debug|Any CPU
		Release|Any CPU = Release|Any CPU
	EndGlobalSection
	GlobalSection(ProjectConfigurationPlatforms) = postSolution
		{41184D78-A910-49BA-860B-F44ABC41F38B}.Debug|Any CPU.ActiveCfg = Debug|Any CPU
		{41184D78-A910-49BA-860B-F44ABC41F38B}.Debug|Any CPU.Build.0 = Debug|Any CPU
		{41184D78-A910-49BA-860B-F44ABC41F38B}.Release|Any CPU.ActiveCfg = Release|Any CPU
		{41184D78-A910-49BA-860B-F44ABC41F38B}.Release|Any CPU.Build.0 = Release|Any CPU
		{A309D7F0-5F10-49FF-AA36-9DCE526A7EC1}.Debug|Any CPU.ActiveCfg = Debug|Any CPU
		{A309D7F0-5F10-49FF-AA36-9DCE526A7EC1}.Debug|Any CPU.Build.0 = Debug|Any CPU
		{A309D7F0-5F10-49FF-AA36-9DCE526A7EC1}.Release|Any CPU.ActiveCfg = Release|Any CPU
		{A309D7F0-5F10-49FF-AA36-9DCE526A7EC1}.Release|Any CPU.Build.0 = Release|Any CPU
	EndGlobalSection
	GlobalSection(SolutionProperties) = preSolution
		HideSolutionNode = FALSE
	EndGlobalSection
	GlobalSection(ExtensibilityGlobals) = postSolution
		SolutionGuid = {FD2884AB-03E5-42EF-AECB-A2CFAE43D8CD}
	EndGlobalSection
EndGlobal
